
Microsoft Visual Studio Solution File, Format Version 12.00
# Visual Studio Version 17
VisualStudioVersion = 17.5.33627.172
MinimumVisualStudioVersion = 10.0.40219.1
Project("{8BC9CEB8-8B4A-11D0-8D11-00A0C91BC942}") = "002", "002\002.vcxproj", "{15CB88EE-8023-4146-A3D0-F8CBCF860493}"
EndProject
Project("{8BC9CEB8-8B4A-11D0-8D11-00A0C91BC942}") = "003", "003\003.vcxproj", "{81331238-6D65-4169-9A4D-4118D8CA5FCC}"
EndProject
Project("{8BC9CEB8-8B4A-11D0-8D11-00A0C91BC942}") = "006", "006\006.vcxproj", "{BDA302D9-055F-4A10-94B9-E538A6FAD956}"
EndProject
Project("{8BC9CEB8-8B4A-11D0-8D11-00A0C91BC942}") = "008", "008\008.vcxproj", "{085C7630-429C-48F9-9852-D8EF56FF9E2F}"
EndProject
Global
	GlobalSection(SolutionConfigurationPlatforms) = preSolution
		Debug|x64 = Debug|x64
		Debug|x86 = Debug|x86
		Release|x64 = Release|x64
		Release|x86 = Release|x86
	EndGlobalSection
	GlobalSection(ProjectConfigurationPlatforms) = postSolution
		{15CB88EE-8023-4146-A3D0-F8CBCF860493}.Debug|x64.ActiveCfg = Debug|x64
		{15CB88EE-8023-4146-A3D0-F8CBCF860493}.Debug|x64.Build.0 = Debug|x64
		{15CB88EE-8023-4146-A3D0-F8CBCF860493}.Debug|x86.ActiveCfg = Debug|Win32
		{15CB88EE-8023-4146-A3D0-F8CBCF860493}.Debug|x86.Build.0 = Debug|Win32
		{15CB88EE-8023-4146-A3D0-F8CBCF860493}.Release|x64.ActiveCfg = Release|x64
		{15CB88EE-8023-4146-A3D0-F8CBCF860493}.Release|x64.Build.0 = Release|x64
		{15CB88EE-8023-4146-A3D0-F8CBCF860493}.Release|x86.ActiveCfg = Release|Win32
		{15CB88EE-8023-4146-A3D0-F8CBCF860493}.Release|x86.Build.0 = Release|Win32
		{81331238-6D65-4169-9A4D-4118D8CA5FCC}.Debug|x64.ActiveCfg = Debug|x64
		{81331238-6D65-4169-9A4D-4118D8CA5FCC}.Debug|x64.Build.0 = Debug|x64
		{81331238-6D65-4169-9A4D-4118D8CA5FCC}.Debug|x86.ActiveCfg = Debug|Win32
		{81331238-6D65-4169-9A4D-4118D8CA5FCC}.Debug|x86.Build.0 = Debug|Win32
		{81331238-6D65-4169-9A4D-4118D8CA5FCC}.Release|x64.ActiveCfg = Release|x64
		{81331238-6D65-4169-9A4D-4118D8CA5FCC}.Release|x64.Build.0 = Release|x64
		{81331238-6D65-4169-9A4D-4118D8CA5FCC}.Release|x86.ActiveCfg = Release|Win32
		{81331238-6D65-4169-9A4D-4118D8CA5FCC}.Release|x86.Build.0 = Release|Win32
		{BDA302D9-055F-4A10-94B9-E538A6FAD956}.Debug|x64.ActiveCfg = Debug|x64
		{BDA302D9-055F-4A10-94B9-E538A6FAD956}.Debug|x64.Build.0 = Debug|x64
		{BDA302D9-055F-4A10-94B9-E538A6FAD956}.Debug|x86.ActiveCfg = Debug|Win32
		{BDA302D9-055F-4A10-94B9-E538A6FAD956}.Debug|x86.Build.0 = Debug|Win32
		{BDA302D9-055F-4A10-94B9-E538A6FAD956}.Release|x64.ActiveCfg = Release|x64
		{BDA302D9-055F-4A10-94B9-E538A6FAD956}.Release|x64.Build.0 = Release|x64
		{BDA302D9-055F-4A10-94B9-E538A6FAD956}.Release|x86.ActiveCfg = Release|Win32
		{BDA302D9-055F-4A10-94B9-E538A6FAD956}.Release|x86.Build.0 = Release|Win32
		{085C7630-429C-48F9-9852-D8EF56FF9E2F}.Debug|x64.ActiveCfg = Debug|x64
		{085C7630-429C-48F9-9852-D8EF56FF9E2F}.Debug|x64.Build.0 = Debug|x64
		{085C7630-429C-48F9-9852-D8EF56FF9E2F}.Debug|x86.ActiveCfg = Debug|Win32
		{085C7630-429C-48F9-9852-D8EF56FF9E2F}.Debug|x86.Build.0 = Debug|Win32
		{085C7630-429C-48F9-9852-D8EF56FF9E2F}.Release|x64.ActiveCfg = Release|x64
		{085C7630-429C-48F9-9852-D8EF56FF9E2F}.Release|x64.Build.0 = Release|x64
		{085C7630-429C-48F9-9852-D8EF56FF9E2F}.Release|x86.ActiveCfg = Release|Win32
		{085C7630-429C-48F9-9852-D8EF56FF9E2F}.Release|x86.Build.0 = Release|Win32
	EndGlobalSection
	GlobalSection(SolutionProperties) = preSolution
		HideSolutionNode = FALSE
	EndGlobalSection
	GlobalSection(ExtensibilityGlobals) = postSolution
		SolutionGuid = {EBBE7E8A-14A5-41C8-B4FB-CA07FAE8619F}
	EndGlobalSection
EndGlobal
