
Microsoft Visual Studio Solution File, Format Version 12.00
# Visual Studio Version 16
VisualStudioVersion = 16.0.33801.447
MinimumVisualStudioVersion = 10.0.40219.1
Project("{8BC9CEB8-8B4A-11D0-8D11-00A0C91BC942}") = "002", "002\002.vcxproj", "{15CB88EE-8023-4146-A3D0-F8CBCF860493}"
EndProject
Project("{8BC9CEB8-8B4A-11D0-8D11-00A0C91BC942}") = "003", "003\003.vcxproj", "{81331238-6D65-4169-9A4D-4118D8CA5FCC}"
EndProject
Project("{8BC9CEB8-8B4A-11D0-8D11-00A0C91BC942}") = "006", "006\006.vcxproj", "{BDA302D9-055F-4A10-94B9-E538A6FAD956}"
EndProject
Project("{8BC9CEB8-8B4A-11D0-8D11-00A0C91BC942}") = "008", "008\008.vcxproj", "{085C7630-429C-48F9-9852-D8EF56FF9E2F}"
EndProject
Project("{8BC9CEB8-8B4A-11D0-8D11-00A0C91BC942}") = "WinPaint", "WinPaint\WinPaint.vcxproj", "{45CFC84C-946A-4F36-BE4F-6B1E3333D9AC}"
EndProject
Project("{8BC9CEB8-8B4A-11D0-8D11-00A0C91BC942}") = "WinKeyboard", "WinKeyboard\WinKeyboard.vcxproj", "{52BFBC13-4DA3-44E7-9038-0BC6D798EDBA}"
EndProject
Project("{8BC9CEB8-8B4A-11D0-8D11-00A0C91BC942}") = "WinMenu", "WinMenu\WinMenu.vcxproj", "{5CDEC3C9-9F50-46DA-8167-66C731A9C2B1}"
EndProject
Project("{8BC9CEB8-8B4A-11D0-8D11-00A0C91BC942}") = "WinRes", "WinRes\WinRes.vcxproj", "{7B6FBBAF-E32A-463E-BBF4-3C71CC9B315B}"
EndProject
Project("{8BC9CEB8-8B4A-11D0-8D11-00A0C91BC942}") = "WinThread", "WinThread\WinThread.vcxproj", "{5FA75B52-0C76-4DFE-88FC-4CA1DA6038AB}"
EndProject
Project("{8BC9CEB8-8B4A-11D0-8D11-00A0C91BC942}") = "WinInterLock", "WinInterLock\WinInterLock.vcxproj", "{96315323-8B03-496B-9A85-6C496ABD5965}"
EndProject
Project("{8BC9CEB8-8B4A-11D0-8D11-00A0C91BC942}") = "WinMutex", "WinMutex\WinMutex.vcxproj", "{735E2934-3445-4B28-84F9-F693F5032018}"
EndProject
Project("{8BC9CEB8-8B4A-11D0-8D11-00A0C91BC942}") = "WinEvent", "WinEvent\WinEvent.vcxproj", "{7C9049FD-0F14-4285-BC65-1754794FAEDD}"
EndProject
Project("{8BC9CEB8-8B4A-11D0-8D11-00A0C91BC942}") = "WinSema", "WinSema\WinSema.vcxproj", "{DB588AA8-F252-48B4-A31F-28F35C4A9BF2}"
EndProject
Project("{8BC9CEB8-8B4A-11D0-8D11-00A0C91BC942}") = "VCThread01", "VCThread01\VCThread01.vcxproj", "{C783143B-D55F-42A1-9E34-C3B98B57B287}"
EndProject
Project("{8BC9CEB8-8B4A-11D0-8D11-00A0C91BC942}") = "VC01FirstApp", "VC01FirstApp\VC01FirstApp.vcxproj", "{B61C1AF0-BF7A-43C4-AD75-2DB7D89F0F0C}"
EndProject
Project("{8BC9CEB8-8B4A-11D0-8D11-00A0C91BC942}") = "VCString", "VCString\VCString.vcxproj", "{881FBA80-B872-4EA7-9D5B-09A8441E5319}"
EndProject
Project("{8BC9CEB8-8B4A-11D0-8D11-00A0C91BC942}") = "memfun", "memfun\memfun.vcxproj", "{21D8579A-91CA-4722-9E99-A808A9E8D3EF}"
EndProject
Project("{8BC9CEB8-8B4A-11D0-8D11-00A0C91BC942}") = "VCFileManage", "VCFileManage\VCFileManage.vcxproj", "{EC3E387E-C7EA-43AF-93B2-25B57446C05B}"
EndProject
Project("{8BC9CEB8-8B4A-11D0-8D11-00A0C91BC942}") = "VCCreateFile", "VCCreateFile\VCCreateFile.vcxproj", "{00A57ED2-4C1A-43D5-9FBA-4261A3C7F408}"
EndProject
Project("{8BC9CEB8-8B4A-11D0-8D11-00A0C91BC942}") = "VCFILESIZE", "VCFILESIZE\VCFILESIZE.vcxproj", "{96056A0A-557F-4484-BB2D-CB3BA12D8886}"
EndProject
Project("{8BC9CEB8-8B4A-11D0-8D11-00A0C91BC942}") = "VCReadWriteFile", "VCReadWriteFile\VCReadWriteFile.vcxproj", "{6AFA4B96-796F-4471-82E5-B83F3552F2BD}"
EndProject
Project("{8BC9CEB8-8B4A-11D0-8D11-00A0C91BC942}") = "APITest", "APITest\APITest.vcxproj", "{DA73CD18-D6CD-4714-AEF4-1FF76B51D4AE}"
EndProject
Project("{8BC9CEB8-8B4A-11D0-8D11-00A0C91BC942}") = "FirstApp", "FirstApp\FirstApp.vcxproj", "{A45A3337-9D21-4A98-9CDA-2EF6082AEC20}"
EndProject
Project("{8BC9CEB8-8B4A-11D0-8D11-00A0C91BC942}") = "Win32Dialog", "Win32Dialog\Win32Dialog.vcxproj", "{A6AE9873-60C1-4D2B-82DE-F3E16FF24789}"
EndProject
Project("{8BC9CEB8-8B4A-11D0-8D11-00A0C91BC942}") = "WinPaintN", "WinPaintN\WinPaintN.vcxproj", "{51C273FD-ABD3-4D20-BE5A-DAF8E5DB998E}"
EndProject
Project("{8BC9CEB8-8B4A-11D0-8D11-00A0C91BC942}") = "Win32DialogFeiMoTai", "Win32DialogFeiMoTai\Win32DialogFeiMoTai.vcxproj", "{330910D1-B9F4-4DA8-A6A2-49612B2096DA}"
EndProject
Project("{8BC9CEB8-8B4A-11D0-8D11-00A0C91BC942}") = "WinText", "WinText\WinText.vcxproj", "{89ABE33B-8B40-4874-8E7C-5863132D7675}"
EndProject
Project("{8BC9CEB8-8B4A-11D0-8D11-00A0C91BC942}") = "VCThreadSync", "VCThreadSync\VCThreadSync.vcxproj", "{1C315043-6B7F-4100-AA7B-4D30AE0294EA}"
EndProject
Global
	GlobalSection(SolutionConfigurationPlatforms) = preSolution
		Debug|Any CPU = Debug|Any CPU
		Debug|x64 = Debug|x64
		Debug|x86 = Debug|x86
		Release|Any CPU = Release|Any CPU
		Release|x64 = Release|x64
		Release|x86 = Release|x86
	EndGlobalSection
	GlobalSection(ProjectConfigurationPlatforms) = postSolution
		{15CB88EE-8023-4146-A3D0-F8CBCF860493}.Debug|Any CPU.ActiveCfg = Debug|Win32
		{15CB88EE-8023-4146-A3D0-F8CBCF860493}.Debug|x64.ActiveCfg = Debug|x64
		{15CB88EE-8023-4146-A3D0-F8CBCF860493}.Debug|x64.Build.0 = Debug|x64
		{15CB88EE-8023-4146-A3D0-F8CBCF860493}.Debug|x86.ActiveCfg = Debug|Win32
		{15CB88EE-8023-4146-A3D0-F8CBCF860493}.Debug|x86.Build.0 = Debug|Win32
		{15CB88EE-8023-4146-A3D0-F8CBCF860493}.Release|Any CPU.ActiveCfg = Release|Win32
		{15CB88EE-8023-4146-A3D0-F8CBCF860493}.Release|x64.ActiveCfg = Release|x64
		{15CB88EE-8023-4146-A3D0-F8CBCF860493}.Release|x64.Build.0 = Release|x64
		{15CB88EE-8023-4146-A3D0-F8CBCF860493}.Release|x86.ActiveCfg = Release|Win32
		{15CB88EE-8023-4146-A3D0-F8CBCF860493}.Release|x86.Build.0 = Release|Win32
		{81331238-6D65-4169-9A4D-4118D8CA5FCC}.Debug|Any CPU.ActiveCfg = Debug|Win32
		{81331238-6D65-4169-9A4D-4118D8CA5FCC}.Debug|x64.ActiveCfg = Debug|x64
		{81331238-6D65-4169-9A4D-4118D8CA5FCC}.Debug|x64.Build.0 = Debug|x64
		{81331238-6D65-4169-9A4D-4118D8CA5FCC}.Debug|x86.ActiveCfg = Debug|Win32
		{81331238-6D65-4169-9A4D-4118D8CA5FCC}.Debug|x86.Build.0 = Debug|Win32
		{81331238-6D65-4169-9A4D-4118D8CA5FCC}.Release|Any CPU.ActiveCfg = Release|Win32
		{81331238-6D65-4169-9A4D-4118D8CA5FCC}.Release|x64.ActiveCfg = Release|x64
		{81331238-6D65-4169-9A4D-4118D8CA5FCC}.Release|x64.Build.0 = Release|x64
		{81331238-6D65-4169-9A4D-4118D8CA5FCC}.Release|x86.ActiveCfg = Release|Win32
		{81331238-6D65-4169-9A4D-4118D8CA5FCC}.Release|x86.Build.0 = Release|Win32
		{BDA302D9-055F-4A10-94B9-E538A6FAD956}.Debug|Any CPU.ActiveCfg = Debug|Win32
		{BDA302D9-055F-4A10-94B9-E538A6FAD956}.Debug|x64.ActiveCfg = Debug|x64
		{BDA302D9-055F-4A10-94B9-E538A6FAD956}.Debug|x64.Build.0 = Debug|x64
		{BDA302D9-055F-4A10-94B9-E538A6FAD956}.Debug|x86.ActiveCfg = Debug|Win32
		{BDA302D9-055F-4A10-94B9-E538A6FAD956}.Debug|x86.Build.0 = Debug|Win32
		{BDA302D9-055F-4A10-94B9-E538A6FAD956}.Release|Any CPU.ActiveCfg = Release|Win32
		{BDA302D9-055F-4A10-94B9-E538A6FAD956}.Release|x64.ActiveCfg = Release|x64
		{BDA302D9-055F-4A10-94B9-E538A6FAD956}.Release|x64.Build.0 = Release|x64
		{BDA302D9-055F-4A10-94B9-E538A6FAD956}.Release|x86.ActiveCfg = Release|Win32
		{BDA302D9-055F-4A10-94B9-E538A6FAD956}.Release|x86.Build.0 = Release|Win32
		{085C7630-429C-48F9-9852-D8EF56FF9E2F}.Debug|Any CPU.ActiveCfg = Debug|Win32
		{085C7630-429C-48F9-9852-D8EF56FF9E2F}.Debug|x64.ActiveCfg = Debug|x64
		{085C7630-429C-48F9-9852-D8EF56FF9E2F}.Debug|x64.Build.0 = Debug|x64
		{085C7630-429C-48F9-9852-D8EF56FF9E2F}.Debug|x86.ActiveCfg = Debug|Win32
		{085C7630-429C-48F9-9852-D8EF56FF9E2F}.Debug|x86.Build.0 = Debug|Win32
		{085C7630-429C-48F9-9852-D8EF56FF9E2F}.Release|Any CPU.ActiveCfg = Release|Win32
		{085C7630-429C-48F9-9852-D8EF56FF9E2F}.Release|x64.ActiveCfg = Release|x64
		{085C7630-429C-48F9-9852-D8EF56FF9E2F}.Release|x64.Build.0 = Release|x64
		{085C7630-429C-48F9-9852-D8EF56FF9E2F}.Release|x86.ActiveCfg = Release|Win32
		{085C7630-429C-48F9-9852-D8EF56FF9E2F}.Release|x86.Build.0 = Release|Win32
		{45CFC84C-946A-4F36-BE4F-6B1E3333D9AC}.Debug|Any CPU.ActiveCfg = Debug|Win32
		{45CFC84C-946A-4F36-BE4F-6B1E3333D9AC}.Debug|x64.ActiveCfg = Debug|x64
		{45CFC84C-946A-4F36-BE4F-6B1E3333D9AC}.Debug|x64.Build.0 = Debug|x64
		{45CFC84C-946A-4F36-BE4F-6B1E3333D9AC}.Debug|x86.ActiveCfg = Debug|Win32
		{45CFC84C-946A-4F36-BE4F-6B1E3333D9AC}.Debug|x86.Build.0 = Debug|Win32
		{45CFC84C-946A-4F36-BE4F-6B1E3333D9AC}.Release|Any CPU.ActiveCfg = Release|Win32
		{45CFC84C-946A-4F36-BE4F-6B1E3333D9AC}.Release|x64.ActiveCfg = Release|x64
		{45CFC84C-946A-4F36-BE4F-6B1E3333D9AC}.Release|x64.Build.0 = Release|x64
		{45CFC84C-946A-4F36-BE4F-6B1E3333D9AC}.Release|x86.ActiveCfg = Release|Win32
		{45CFC84C-946A-4F36-BE4F-6B1E3333D9AC}.Release|x86.Build.0 = Release|Win32
		{52BFBC13-4DA3-44E7-9038-0BC6D798EDBA}.Debug|Any CPU.ActiveCfg = Debug|Win32
		{52BFBC13-4DA3-44E7-9038-0BC6D798EDBA}.Debug|x64.ActiveCfg = Debug|x64
		{52BFBC13-4DA3-44E7-9038-0BC6D798EDBA}.Debug|x64.Build.0 = Debug|x64
		{52BFBC13-4DA3-44E7-9038-0BC6D798EDBA}.Debug|x86.ActiveCfg = Debug|Win32
		{52BFBC13-4DA3-44E7-9038-0BC6D798EDBA}.Debug|x86.Build.0 = Debug|Win32
		{52BFBC13-4DA3-44E7-9038-0BC6D798EDBA}.Release|Any CPU.ActiveCfg = Release|Win32
		{52BFBC13-4DA3-44E7-9038-0BC6D798EDBA}.Release|x64.ActiveCfg = Release|x64
		{52BFBC13-4DA3-44E7-9038-0BC6D798EDBA}.Release|x64.Build.0 = Release|x64
		{52BFBC13-4DA3-44E7-9038-0BC6D798EDBA}.Release|x86.ActiveCfg = Release|Win32
		{52BFBC13-4DA3-44E7-9038-0BC6D798EDBA}.Release|x86.Build.0 = Release|Win32
		{5CDEC3C9-9F50-46DA-8167-66C731A9C2B1}.Debug|Any CPU.ActiveCfg = Debug|Win32
		{5CDEC3C9-9F50-46DA-8167-66C731A9C2B1}.Debug|x64.ActiveCfg = Debug|x64
		{5CDEC3C9-9F50-46DA-8167-66C731A9C2B1}.Debug|x64.Build.0 = Debug|x64
		{5CDEC3C9-9F50-46DA-8167-66C731A9C2B1}.Debug|x86.ActiveCfg = Debug|Win32
		{5CDEC3C9-9F50-46DA-8167-66C731A9C2B1}.Debug|x86.Build.0 = Debug|Win32
		{5CDEC3C9-9F50-46DA-8167-66C731A9C2B1}.Release|Any CPU.ActiveCfg = Release|Win32
		{5CDEC3C9-9F50-46DA-8167-66C731A9C2B1}.Release|x64.ActiveCfg = Release|x64
		{5CDEC3C9-9F50-46DA-8167-66C731A9C2B1}.Release|x64.Build.0 = Release|x64
		{5CDEC3C9-9F50-46DA-8167-66C731A9C2B1}.Release|x86.ActiveCfg = Release|Win32
		{5CDEC3C9-9F50-46DA-8167-66C731A9C2B1}.Release|x86.Build.0 = Release|Win32
		{7B6FBBAF-E32A-463E-BBF4-3C71CC9B315B}.Debug|Any CPU.ActiveCfg = Debug|Win32
		{7B6FBBAF-E32A-463E-BBF4-3C71CC9B315B}.Debug|x64.ActiveCfg = Debug|x64
		{7B6FBBAF-E32A-463E-BBF4-3C71CC9B315B}.Debug|x64.Build.0 = Debug|x64
		{7B6FBBAF-E32A-463E-BBF4-3C71CC9B315B}.Debug|x86.ActiveCfg = Debug|Win32
		{7B6FBBAF-E32A-463E-BBF4-3C71CC9B315B}.Debug|x86.Build.0 = Debug|Win32
		{7B6FBBAF-E32A-463E-BBF4-3C71CC9B315B}.Release|Any CPU.ActiveCfg = Release|Win32
		{7B6FBBAF-E32A-463E-BBF4-3C71CC9B315B}.Release|x64.ActiveCfg = Release|x64
		{7B6FBBAF-E32A-463E-BBF4-3C71CC9B315B}.Release|x64.Build.0 = Release|x64
		{7B6FBBAF-E32A-463E-BBF4-3C71CC9B315B}.Release|x86.ActiveCfg = Release|Win32
		{7B6FBBAF-E32A-463E-BBF4-3C71CC9B315B}.Release|x86.Build.0 = Release|Win32
		{5FA75B52-0C76-4DFE-88FC-4CA1DA6038AB}.Debug|Any CPU.ActiveCfg = Debug|Win32
		{5FA75B52-0C76-4DFE-88FC-4CA1DA6038AB}.Debug|x64.ActiveCfg = Debug|x64
		{5FA75B52-0C76-4DFE-88FC-4CA1DA6038AB}.Debug|x64.Build.0 = Debug|x64
		{5FA75B52-0C76-4DFE-88FC-4CA1DA6038AB}.Debug|x86.ActiveCfg = Debug|Win32
		{5FA75B52-0C76-4DFE-88FC-4CA1DA6038AB}.Debug|x86.Build.0 = Debug|Win32
		{5FA75B52-0C76-4DFE-88FC-4CA1DA6038AB}.Release|Any CPU.ActiveCfg = Release|Win32
		{5FA75B52-0C76-4DFE-88FC-4CA1DA6038AB}.Release|x64.ActiveCfg = Release|x64
		{5FA75B52-0C76-4DFE-88FC-4CA1DA6038AB}.Release|x64.Build.0 = Release|x64
		{5FA75B52-0C76-4DFE-88FC-4CA1DA6038AB}.Release|x86.ActiveCfg = Release|Win32
		{5FA75B52-0C76-4DFE-88FC-4CA1DA6038AB}.Release|x86.Build.0 = Release|Win32
		{96315323-8B03-496B-9A85-6C496ABD5965}.Debug|Any CPU.ActiveCfg = Debug|Win32
		{96315323-8B03-496B-9A85-6C496ABD5965}.Debug|x64.ActiveCfg = Debug|x64
		{96315323-8B03-496B-9A85-6C496ABD5965}.Debug|x64.Build.0 = Debug|x64
		{96315323-8B03-496B-9A85-6C496ABD5965}.Debug|x86.ActiveCfg = Debug|Win32
		{96315323-8B03-496B-9A85-6C496ABD5965}.Debug|x86.Build.0 = Debug|Win32
		{96315323-8B03-496B-9A85-6C496ABD5965}.Release|Any CPU.ActiveCfg = Release|Win32
		{96315323-8B03-496B-9A85-6C496ABD5965}.Release|x64.ActiveCfg = Release|x64
		{96315323-8B03-496B-9A85-6C496ABD5965}.Release|x64.Build.0 = Release|x64
		{96315323-8B03-496B-9A85-6C496ABD5965}.Release|x86.ActiveCfg = Release|Win32
		{96315323-8B03-496B-9A85-6C496ABD5965}.Release|x86.Build.0 = Release|Win32
		{735E2934-3445-4B28-84F9-F693F5032018}.Debug|Any CPU.ActiveCfg = Debug|Win32
		{735E2934-3445-4B28-84F9-F693F5032018}.Debug|x64.ActiveCfg = Debug|x64
		{735E2934-3445-4B28-84F9-F693F5032018}.Debug|x64.Build.0 = Debug|x64
		{735E2934-3445-4B28-84F9-F693F5032018}.Debug|x86.ActiveCfg = Debug|Win32
		{735E2934-3445-4B28-84F9-F693F5032018}.Debug|x86.Build.0 = Debug|Win32
		{735E2934-3445-4B28-84F9-F693F5032018}.Release|Any CPU.ActiveCfg = Release|Win32
		{735E2934-3445-4B28-84F9-F693F5032018}.Release|x64.ActiveCfg = Release|x64
		{735E2934-3445-4B28-84F9-F693F5032018}.Release|x64.Build.0 = Release|x64
		{735E2934-3445-4B28-84F9-F693F5032018}.Release|x86.ActiveCfg = Release|Win32
		{735E2934-3445-4B28-84F9-F693F5032018}.Release|x86.Build.0 = Release|Win32
		{7C9049FD-0F14-4285-BC65-1754794FAEDD}.Debug|Any CPU.ActiveCfg = Debug|Win32
		{7C9049FD-0F14-4285-BC65-1754794FAEDD}.Debug|x64.ActiveCfg = Debug|x64
		{7C9049FD-0F14-4285-BC65-1754794FAEDD}.Debug|x64.Build.0 = Debug|x64
		{7C9049FD-0F14-4285-BC65-1754794FAEDD}.Debug|x86.ActiveCfg = Debug|Win32
		{7C9049FD-0F14-4285-BC65-1754794FAEDD}.Debug|x86.Build.0 = Debug|Win32
		{7C9049FD-0F14-4285-BC65-1754794FAEDD}.Release|Any CPU.ActiveCfg = Release|Win32
		{7C9049FD-0F14-4285-BC65-1754794FAEDD}.Release|x64.ActiveCfg = Release|x64
		{7C9049FD-0F14-4285-BC65-1754794FAEDD}.Release|x64.Build.0 = Release|x64
		{7C9049FD-0F14-4285-BC65-1754794FAEDD}.Release|x86.ActiveCfg = Release|Win32
		{7C9049FD-0F14-4285-BC65-1754794FAEDD}.Release|x86.Build.0 = Release|Win32
		{DB588AA8-F252-48B4-A31F-28F35C4A9BF2}.Debug|Any CPU.ActiveCfg = Debug|Win32
		{DB588AA8-F252-48B4-A31F-28F35C4A9BF2}.Debug|x64.ActiveCfg = Debug|x64
		{DB588AA8-F252-48B4-A31F-28F35C4A9BF2}.Debug|x64.Build.0 = Debug|x64
		{DB588AA8-F252-48B4-A31F-28F35C4A9BF2}.Debug|x86.ActiveCfg = Debug|Win32
		{DB588AA8-F252-48B4-A31F-28F35C4A9BF2}.Debug|x86.Build.0 = Debug|Win32
		{DB588AA8-F252-48B4-A31F-28F35C4A9BF2}.Release|Any CPU.ActiveCfg = Release|Win32
		{DB588AA8-F252-48B4-A31F-28F35C4A9BF2}.Release|x64.ActiveCfg = Release|x64
		{DB588AA8-F252-48B4-A31F-28F35C4A9BF2}.Release|x64.Build.0 = Release|x64
		{DB588AA8-F252-48B4-A31F-28F35C4A9BF2}.Release|x86.ActiveCfg = Release|Win32
		{DB588AA8-F252-48B4-A31F-28F35C4A9BF2}.Release|x86.Build.0 = Release|Win32
		{C783143B-D55F-42A1-9E34-C3B98B57B287}.Debug|Any CPU.ActiveCfg = Debug|Win32
		{C783143B-D55F-42A1-9E34-C3B98B57B287}.Debug|x64.ActiveCfg = Debug|x64
		{C783143B-D55F-42A1-9E34-C3B98B57B287}.Debug|x64.Build.0 = Debug|x64
		{C783143B-D55F-42A1-9E34-C3B98B57B287}.Debug|x86.ActiveCfg = Debug|Win32
		{C783143B-D55F-42A1-9E34-C3B98B57B287}.Debug|x86.Build.0 = Debug|Win32
		{C783143B-D55F-42A1-9E34-C3B98B57B287}.Release|Any CPU.ActiveCfg = Release|Win32
		{C783143B-D55F-42A1-9E34-C3B98B57B287}.Release|x64.ActiveCfg = Release|x64
		{C783143B-D55F-42A1-9E34-C3B98B57B287}.Release|x64.Build.0 = Release|x64
		{C783143B-D55F-42A1-9E34-C3B98B57B287}.Release|x86.ActiveCfg = Release|Win32
		{C783143B-D55F-42A1-9E34-C3B98B57B287}.Release|x86.Build.0 = Release|Win32
		{B61C1AF0-BF7A-43C4-AD75-2DB7D89F0F0C}.Debug|Any CPU.ActiveCfg = Debug|Win32
		{B61C1AF0-BF7A-43C4-AD75-2DB7D89F0F0C}.Debug|x64.ActiveCfg = Debug|x64
		{B61C1AF0-BF7A-43C4-AD75-2DB7D89F0F0C}.Debug|x64.Build.0 = Debug|x64
		{B61C1AF0-BF7A-43C4-AD75-2DB7D89F0F0C}.Debug|x86.ActiveCfg = Debug|Win32
		{B61C1AF0-BF7A-43C4-AD75-2DB7D89F0F0C}.Debug|x86.Build.0 = Debug|Win32
		{B61C1AF0-BF7A-43C4-AD75-2DB7D89F0F0C}.Release|Any CPU.ActiveCfg = Release|Win32
		{B61C1AF0-BF7A-43C4-AD75-2DB7D89F0F0C}.Release|x64.ActiveCfg = Release|x64
		{B61C1AF0-BF7A-43C4-AD75-2DB7D89F0F0C}.Release|x64.Build.0 = Release|x64
		{B61C1AF0-BF7A-43C4-AD75-2DB7D89F0F0C}.Release|x86.ActiveCfg = Release|Win32
		{B61C1AF0-BF7A-43C4-AD75-2DB7D89F0F0C}.Release|x86.Build.0 = Release|Win32
		{881FBA80-B872-4EA7-9D5B-09A8441E5319}.Debug|Any CPU.ActiveCfg = Debug|Win32
		{881FBA80-B872-4EA7-9D5B-09A8441E5319}.Debug|x64.ActiveCfg = Debug|x64
		{881FBA80-B872-4EA7-9D5B-09A8441E5319}.Debug|x64.Build.0 = Debug|x64
		{881FBA80-B872-4EA7-9D5B-09A8441E5319}.Debug|x86.ActiveCfg = Debug|Win32
		{881FBA80-B872-4EA7-9D5B-09A8441E5319}.Debug|x86.Build.0 = Debug|Win32
		{881FBA80-B872-4EA7-9D5B-09A8441E5319}.Release|Any CPU.ActiveCfg = Release|Win32
		{881FBA80-B872-4EA7-9D5B-09A8441E5319}.Release|x64.ActiveCfg = Release|x64
		{881FBA80-B872-4EA7-9D5B-09A8441E5319}.Release|x64.Build.0 = Release|x64
		{881FBA80-B872-4EA7-9D5B-09A8441E5319}.Release|x86.ActiveCfg = Release|Win32
		{881FBA80-B872-4EA7-9D5B-09A8441E5319}.Release|x86.Build.0 = Release|Win32
		{21D8579A-91CA-4722-9E99-A808A9E8D3EF}.Debug|Any CPU.ActiveCfg = Debug|Win32
		{21D8579A-91CA-4722-9E99-A808A9E8D3EF}.Debug|x64.ActiveCfg = Debug|x64
		{21D8579A-91CA-4722-9E99-A808A9E8D3EF}.Debug|x64.Build.0 = Debug|x64
		{21D8579A-91CA-4722-9E99-A808A9E8D3EF}.Debug|x86.ActiveCfg = Debug|Win32
		{21D8579A-91CA-4722-9E99-A808A9E8D3EF}.Debug|x86.Build.0 = Debug|Win32
		{21D8579A-91CA-4722-9E99-A808A9E8D3EF}.Release|Any CPU.ActiveCfg = Release|Win32
		{21D8579A-91CA-4722-9E99-A808A9E8D3EF}.Release|x64.ActiveCfg = Release|x64
		{21D8579A-91CA-4722-9E99-A808A9E8D3EF}.Release|x64.Build.0 = Release|x64
		{21D8579A-91CA-4722-9E99-A808A9E8D3EF}.Release|x86.ActiveCfg = Release|Win32
		{21D8579A-91CA-4722-9E99-A808A9E8D3EF}.Release|x86.Build.0 = Release|Win32
		{EC3E387E-C7EA-43AF-93B2-25B57446C05B}.Debug|Any CPU.ActiveCfg = Debug|Win32
		{EC3E387E-C7EA-43AF-93B2-25B57446C05B}.Debug|x64.ActiveCfg = Debug|x64
		{EC3E387E-C7EA-43AF-93B2-25B57446C05B}.Debug|x64.Build.0 = Debug|x64
		{EC3E387E-C7EA-43AF-93B2-25B57446C05B}.Debug|x86.ActiveCfg = Debug|Win32
		{EC3E387E-C7EA-43AF-93B2-25B57446C05B}.Debug|x86.Build.0 = Debug|Win32
		{EC3E387E-C7EA-43AF-93B2-25B57446C05B}.Release|Any CPU.ActiveCfg = Release|Win32
		{EC3E387E-C7EA-43AF-93B2-25B57446C05B}.Release|x64.ActiveCfg = Release|x64
		{EC3E387E-C7EA-43AF-93B2-25B57446C05B}.Release|x64.Build.0 = Release|x64
		{EC3E387E-C7EA-43AF-93B2-25B57446C05B}.Release|x86.ActiveCfg = Release|Win32
		{EC3E387E-C7EA-43AF-93B2-25B57446C05B}.Release|x86.Build.0 = Release|Win32
		{00A57ED2-4C1A-43D5-9FBA-4261A3C7F408}.Debug|Any CPU.ActiveCfg = Debug|Win32
		{00A57ED2-4C1A-43D5-9FBA-4261A3C7F408}.Debug|x64.ActiveCfg = Debug|x64
		{00A57ED2-4C1A-43D5-9FBA-4261A3C7F408}.Debug|x64.Build.0 = Debug|x64
		{00A57ED2-4C1A-43D5-9FBA-4261A3C7F408}.Debug|x86.ActiveCfg = Debug|Win32
		{00A57ED2-4C1A-43D5-9FBA-4261A3C7F408}.Debug|x86.Build.0 = Debug|Win32
		{00A57ED2-4C1A-43D5-9FBA-4261A3C7F408}.Release|Any CPU.ActiveCfg = Release|Win32
		{00A57ED2-4C1A-43D5-9FBA-4261A3C7F408}.Release|x64.ActiveCfg = Release|x64
		{00A57ED2-4C1A-43D5-9FBA-4261A3C7F408}.Release|x64.Build.0 = Release|x64
		{00A57ED2-4C1A-43D5-9FBA-4261A3C7F408}.Release|x86.ActiveCfg = Release|Win32
		{00A57ED2-4C1A-43D5-9FBA-4261A3C7F408}.Release|x86.Build.0 = Release|Win32
		{96056A0A-557F-4484-BB2D-CB3BA12D8886}.Debug|Any CPU.ActiveCfg = Debug|Win32
		{96056A0A-557F-4484-BB2D-CB3BA12D8886}.Debug|x64.ActiveCfg = Debug|x64
		{96056A0A-557F-4484-BB2D-CB3BA12D8886}.Debug|x64.Build.0 = Debug|x64
		{96056A0A-557F-4484-BB2D-CB3BA12D8886}.Debug|x86.ActiveCfg = Debug|Win32
		{96056A0A-557F-4484-BB2D-CB3BA12D8886}.Debug|x86.Build.0 = Debug|Win32
		{96056A0A-557F-4484-BB2D-CB3BA12D8886}.Release|Any CPU.ActiveCfg = Release|Win32
		{96056A0A-557F-4484-BB2D-CB3BA12D8886}.Release|x64.ActiveCfg = Release|x64
		{96056A0A-557F-4484-BB2D-CB3BA12D8886}.Release|x64.Build.0 = Release|x64
		{96056A0A-557F-4484-BB2D-CB3BA12D8886}.Release|x86.ActiveCfg = Release|Win32
		{96056A0A-557F-4484-BB2D-CB3BA12D8886}.Release|x86.Build.0 = Release|Win32
		{6AFA4B96-796F-4471-82E5-B83F3552F2BD}.Debug|Any CPU.ActiveCfg = Debug|Win32
		{6AFA4B96-796F-4471-82E5-B83F3552F2BD}.Debug|x64.ActiveCfg = Debug|x64
		{6AFA4B96-796F-4471-82E5-B83F3552F2BD}.Debug|x64.Build.0 = Debug|x64
		{6AFA4B96-796F-4471-82E5-B83F3552F2BD}.Debug|x86.ActiveCfg = Debug|Win32
		{6AFA4B96-796F-4471-82E5-B83F3552F2BD}.Debug|x86.Build.0 = Debug|Win32
		{6AFA4B96-796F-4471-82E5-B83F3552F2BD}.Release|Any CPU.ActiveCfg = Release|Win32
		{6AFA4B96-796F-4471-82E5-B83F3552F2BD}.Release|x64.ActiveCfg = Release|x64
		{6AFA4B96-796F-4471-82E5-B83F3552F2BD}.Release|x64.Build.0 = Release|x64
		{6AFA4B96-796F-4471-82E5-B83F3552F2BD}.Release|x86.ActiveCfg = Release|Win32
		{6AFA4B96-796F-4471-82E5-B83F3552F2BD}.Release|x86.Build.0 = Release|Win32
		{DA73CD18-D6CD-4714-AEF4-1FF76B51D4AE}.Debug|Any CPU.ActiveCfg = Debug|Win32
		{DA73CD18-D6CD-4714-AEF4-1FF76B51D4AE}.Debug|x64.ActiveCfg = Debug|x64
		{DA73CD18-D6CD-4714-AEF4-1FF76B51D4AE}.Debug|x64.Build.0 = Debug|x64
		{DA73CD18-D6CD-4714-AEF4-1FF76B51D4AE}.Debug|x86.ActiveCfg = Debug|Win32
		{DA73CD18-D6CD-4714-AEF4-1FF76B51D4AE}.Debug|x86.Build.0 = Debug|Win32
		{DA73CD18-D6CD-4714-AEF4-1FF76B51D4AE}.Release|Any CPU.ActiveCfg = Release|Win32
		{DA73CD18-D6CD-4714-AEF4-1FF76B51D4AE}.Release|x64.ActiveCfg = Release|x64
		{DA73CD18-D6CD-4714-AEF4-1FF76B51D4AE}.Release|x64.Build.0 = Release|x64
		{DA73CD18-D6CD-4714-AEF4-1FF76B51D4AE}.Release|x86.ActiveCfg = Release|Win32
		{DA73CD18-D6CD-4714-AEF4-1FF76B51D4AE}.Release|x86.Build.0 = Release|Win32
		{A45A3337-9D21-4A98-9CDA-2EF6082AEC20}.Debug|Any CPU.ActiveCfg = Debug|Win32
		{A45A3337-9D21-4A98-9CDA-2EF6082AEC20}.Debug|x64.ActiveCfg = Debug|x64
		{A45A3337-9D21-4A98-9CDA-2EF6082AEC20}.Debug|x64.Build.0 = Debug|x64
		{A45A3337-9D21-4A98-9CDA-2EF6082AEC20}.Debug|x86.ActiveCfg = Debug|Win32
		{A45A3337-9D21-4A98-9CDA-2EF6082AEC20}.Debug|x86.Build.0 = Debug|Win32
		{A45A3337-9D21-4A98-9CDA-2EF6082AEC20}.Release|Any CPU.ActiveCfg = Release|Win32
		{A45A3337-9D21-4A98-9CDA-2EF6082AEC20}.Release|x64.ActiveCfg = Release|x64
		{A45A3337-9D21-4A98-9CDA-2EF6082AEC20}.Release|x64.Build.0 = Release|x64
		{A45A3337-9D21-4A98-9CDA-2EF6082AEC20}.Release|x86.ActiveCfg = Release|Win32
		{A45A3337-9D21-4A98-9CDA-2EF6082AEC20}.Release|x86.Build.0 = Release|Win32
		{A6AE9873-60C1-4D2B-82DE-F3E16FF24789}.Debug|Any CPU.ActiveCfg = Debug|Win32
		{A6AE9873-60C1-4D2B-82DE-F3E16FF24789}.Debug|x64.ActiveCfg = Debug|x64
		{A6AE9873-60C1-4D2B-82DE-F3E16FF24789}.Debug|x64.Build.0 = Debug|x64
		{A6AE9873-60C1-4D2B-82DE-F3E16FF24789}.Debug|x86.ActiveCfg = Debug|Win32
		{A6AE9873-60C1-4D2B-82DE-F3E16FF24789}.Debug|x86.Build.0 = Debug|Win32
		{A6AE9873-60C1-4D2B-82DE-F3E16FF24789}.Release|Any CPU.ActiveCfg = Release|Win32
		{A6AE9873-60C1-4D2B-82DE-F3E16FF24789}.Release|x64.ActiveCfg = Release|x64
		{A6AE9873-60C1-4D2B-82DE-F3E16FF24789}.Release|x64.Build.0 = Release|x64
		{A6AE9873-60C1-4D2B-82DE-F3E16FF24789}.Release|x86.ActiveCfg = Release|Win32
		{A6AE9873-60C1-4D2B-82DE-F3E16FF24789}.Release|x86.Build.0 = Release|Win32
		{51C273FD-ABD3-4D20-BE5A-DAF8E5DB998E}.Debug|Any CPU.ActiveCfg = Debug|Win32
		{51C273FD-ABD3-4D20-BE5A-DAF8E5DB998E}.Debug|x64.ActiveCfg = Debug|x64
		{51C273FD-ABD3-4D20-BE5A-DAF8E5DB998E}.Debug|x64.Build.0 = Debug|x64
		{51C273FD-ABD3-4D20-BE5A-DAF8E5DB998E}.Debug|x86.ActiveCfg = Debug|Win32
		{51C273FD-ABD3-4D20-BE5A-DAF8E5DB998E}.Debug|x86.Build.0 = Debug|Win32
		{51C273FD-ABD3-4D20-BE5A-DAF8E5DB998E}.Release|Any CPU.ActiveCfg = Release|Win32
		{51C273FD-ABD3-4D20-BE5A-DAF8E5DB998E}.Release|x64.ActiveCfg = Release|x64
		{51C273FD-ABD3-4D20-BE5A-DAF8E5DB998E}.Release|x64.Build.0 = Release|x64
		{51C273FD-ABD3-4D20-BE5A-DAF8E5DB998E}.Release|x86.ActiveCfg = Release|Win32
		{51C273FD-ABD3-4D20-BE5A-DAF8E5DB998E}.Release|x86.Build.0 = Release|Win32
		{330910D1-B9F4-4DA8-A6A2-49612B2096DA}.Debug|Any CPU.ActiveCfg = Debug|Win32
		{330910D1-B9F4-4DA8-A6A2-49612B2096DA}.Debug|x64.ActiveCfg = Debug|x64
		{330910D1-B9F4-4DA8-A6A2-49612B2096DA}.Debug|x64.Build.0 = Debug|x64
		{330910D1-B9F4-4DA8-A6A2-49612B2096DA}.Debug|x86.ActiveCfg = Debug|Win32
		{330910D1-B9F4-4DA8-A6A2-49612B2096DA}.Debug|x86.Build.0 = Debug|Win32
		{330910D1-B9F4-4DA8-A6A2-49612B2096DA}.Release|Any CPU.ActiveCfg = Release|Win32
		{330910D1-B9F4-4DA8-A6A2-49612B2096DA}.Release|x64.ActiveCfg = Release|x64
		{330910D1-B9F4-4DA8-A6A2-49612B2096DA}.Release|x64.Build.0 = Release|x64
		{330910D1-B9F4-4DA8-A6A2-49612B2096DA}.Release|x86.ActiveCfg = Release|Win32
		{330910D1-B9F4-4DA8-A6A2-49612B2096DA}.Release|x86.Build.0 = Release|Win32
		{89ABE33B-8B40-4874-8E7C-5863132D7675}.Debug|Any CPU.ActiveCfg = Debug|Win32
		{89ABE33B-8B40-4874-8E7C-5863132D7675}.Debug|x64.ActiveCfg = Debug|x64
		{89ABE33B-8B40-4874-8E7C-5863132D7675}.Debug|x64.Build.0 = Debug|x64
		{89ABE33B-8B40-4874-8E7C-5863132D7675}.Debug|x86.ActiveCfg = Debug|Win32
		{89ABE33B-8B40-4874-8E7C-5863132D7675}.Debug|x86.Build.0 = Debug|Win32
		{89ABE33B-8B40-4874-8E7C-5863132D7675}.Release|Any CPU.ActiveCfg = Release|Win32
		{89ABE33B-8B40-4874-8E7C-5863132D7675}.Release|x64.ActiveCfg = Release|x64
		{89ABE33B-8B40-4874-8E7C-5863132D7675}.Release|x64.Build.0 = Release|x64
		{89ABE33B-8B40-4874-8E7C-5863132D7675}.Release|x86.ActiveCfg = Release|Win32
		{89ABE33B-8B40-4874-8E7C-5863132D7675}.Release|x86.Build.0 = Release|Win32
		{1C315043-6B7F-4100-AA7B-4D30AE0294EA}.Debug|Any CPU.ActiveCfg = Debug|Win32
		{1C315043-6B7F-4100-AA7B-4D30AE0294EA}.Debug|x64.ActiveCfg = Debug|x64
		{1C315043-6B7F-4100-AA7B-4D30AE0294EA}.Debug|x64.Build.0 = Debug|x64
		{1C315043-6B7F-4100-AA7B-4D30AE0294EA}.Debug|x86.ActiveCfg = Debug|Win32
		{1C315043-6B7F-4100-AA7B-4D30AE0294EA}.Debug|x86.Build.0 = Debug|Win32
		{1C315043-6B7F-4100-AA7B-4D30AE0294EA}.Release|Any CPU.ActiveCfg = Release|Win32
		{1C315043-6B7F-4100-AA7B-4D30AE0294EA}.Release|x64.ActiveCfg = Release|x64
		{1C315043-6B7F-4100-AA7B-4D30AE0294EA}.Release|x64.Build.0 = Release|x64
		{1C315043-6B7F-4100-AA7B-4D30AE0294EA}.Release|x86.ActiveCfg = Release|Win32
		{1C315043-6B7F-4100-AA7B-4D30AE0294EA}.Release|x86.Build.0 = Release|Win32
	EndGlobalSection
	GlobalSection(SolutionProperties) = preSolution
		HideSolutionNode = FALSE
	EndGlobalSection
	GlobalSection(ExtensibilityGlobals) = postSolution
		SolutionGuid = {EBBE7E8A-14A5-41C8-B4FB-CA07FAE8619F}
	EndGlobalSection
EndGlobal
